
Microsoft Visual Studio Solution File, Format Version 12.00
# Visual Studio 15
VisualStudioVersion = 15.0.27130.2020
MinimumVisualStudioVersion = 10.0.40219.1
Project("{9A19103F-16F7-4668-BE54-9A1E7A4F7556}") = "BLL", "BLL\BLL.csproj", "{8C47DEA5-581A-4B4A-B717-AA64763AE347}"
EndProject
Project("{9A19103F-16F7-4668-BE54-9A1E7A4F7556}") = "Model", "Model\Model.csproj", "{CD018D1B-C113-4A82-9112-691BF0281F6A}"
EndProject
Project("{9A19103F-16F7-4668-BE54-9A1E7A4F7556}") = "Client", "Client\Client.csproj", "{9543F805-CAF6-46F2-90EF-DB89B426F1EA}"
EndProject
Project("{9A19103F-16F7-4668-BE54-9A1E7A4F7556}") = "CoreTool", "..\CommonCore\CoreTool\CoreTool.csproj", "{34719808-E8A6-4598-AC2E-75DEC921084A}"
EndProject
Project("{9A19103F-16F7-4668-BE54-9A1E7A4F7556}") = "SocketServer", "SocketServer\SocketServer.csproj", "{D2A98A29-C301-4CCB-B107-651315AAD734}"
EndProject
Global
	GlobalSection(SolutionConfigurationPlatforms) = preSolution
		Debug|Any CPU = Debug|Any CPU
		Release|Any CPU = Release|Any CPU
	EndGlobalSection
	GlobalSection(ProjectConfigurationPlatforms) = postSolution
		{8C47DEA5-581A-4B4A-B717-AA64763AE347}.Debug|Any CPU.ActiveCfg = Debug|Any CPU
		{8C47DEA5-581A-4B4A-B717-AA64763AE347}.Debug|Any CPU.Build.0 = Debug|Any CPU
		{8C47DEA5-581A-4B4A-B717-AA64763AE347}.Release|Any CPU.ActiveCfg = Release|Any CPU
		{8C47DEA5-581A-4B4A-B717-AA64763AE347}.Release|Any CPU.Build.0 = Release|Any CPU
		{CD018D1B-C113-4A82-9112-691BF0281F6A}.Debug|Any CPU.ActiveCfg = Debug|Any CPU
		{CD018D1B-C113-4A82-9112-691BF0281F6A}.Debug|Any CPU.Build.0 = Debug|Any CPU
		{CD018D1B-C113-4A82-9112-691BF0281F6A}.Release|Any CPU.ActiveCfg = Release|Any CPU
		{CD018D1B-C113-4A82-9112-691BF0281F6A}.Release|Any CPU.Build.0 = Release|Any CPU
		{9543F805-CAF6-46F2-90EF-DB89B426F1EA}.Debug|Any CPU.ActiveCfg = Debug|Any CPU
		{9543F805-CAF6-46F2-90EF-DB89B426F1EA}.Debug|Any CPU.Build.0 = Debug|Any CPU
		{9543F805-CAF6-46F2-90EF-DB89B426F1EA}.Release|Any CPU.ActiveCfg = Release|Any CPU
		{9543F805-CAF6-46F2-90EF-DB89B426F1EA}.Release|Any CPU.Build.0 = Release|Any CPU
		{34719808-E8A6-4598-AC2E-75DEC921084A}.Debug|Any CPU.ActiveCfg = Debug|Any CPU
		{34719808-E8A6-4598-AC2E-75DEC921084A}.Debug|Any CPU.Build.0 = Debug|Any CPU
		{34719808-E8A6-4598-AC2E-75DEC921084A}.Release|Any CPU.ActiveCfg = Release|Any CPU
		{34719808-E8A6-4598-AC2E-75DEC921084A}.Release|Any CPU.Build.0 = Release|Any CPU
		{D2A98A29-C301-4CCB-B107-651315AAD734}.Debug|Any CPU.ActiveCfg = Debug|Any CPU
		{D2A98A29-C301-4CCB-B107-651315AAD734}.Debug|Any CPU.Build.0 = Debug|Any CPU
		{D2A98A29-C301-4CCB-B107-651315AAD734}.Release|Any CPU.ActiveCfg = Release|Any CPU
		{D2A98A29-C301-4CCB-B107-651315AAD734}.Release|Any CPU.Build.0 = Release|Any CPU
	EndGlobalSection
	GlobalSection(SolutionProperties) = preSolution
		HideSolutionNode = FALSE
	EndGlobalSection
	GlobalSection(ExtensibilityGlobals) = postSolution
		SolutionGuid = {59A7E888-87BD-476B-8429-1A563A54920D}
	EndGlobalSection
EndGlobal
