
Microsoft Visual Studio Solution File, Format Version 12.00
# Visual Studio 15
VisualStudioVersion = 15.0.27130.2020
MinimumVisualStudioVersion = 10.0.40219.1
Project("{9A19103F-16F7-4668-BE54-9A1E7A4F7556}") = "BLL", "BLL\BLL.csproj", "{8C47DEA5-581A-4B4A-B717-AA64763AE347}"
EndProject
Project("{9A19103F-16F7-4668-BE54-9A1E7A4F7556}") = "Model", "Model\Model.csproj", "{CD018D1B-C113-4A82-9112-691BF0281F6A}"
EndProject
Project("{9A19103F-16F7-4668-BE54-9A1E7A4F7556}") = "CoreTool", "..\CommonCore\CoreTool\CoreTool.csproj", "{34719808-E8A6-4598-AC2E-75DEC921084A}"
EndProject
Project("{9A19103F-16F7-4668-BE54-9A1E7A4F7556}") = "SocketServer", "SocketServer\SocketServer.csproj", "{D2A98A29-C301-4CCB-B107-651315AAD734}"
EndProject
Project("{2150E333-8FDC-42A3-9474-1A3956D46DE8}") = "Server", "Server", "{03106B4D-3EE9-4919-A0ED-079849BC580A}"
EndProject
Project("{2150E333-8FDC-42A3-9474-1A3956D46DE8}") = "Client", "Client", "{2C69C7D0-B383-4C22-AC8A-743CB8D6A119}"
EndProject
Project("{FAE04EC0-301F-11D3-BF4B-00C04F79EFBC}") = "ChatClient", "ChatClient\ChatClient.csproj", "{848EC3C4-7772-4188-8D73-FDE25D26FF38}"
EndProject
Project("{FAE04EC0-301F-11D3-BF4B-00C04F79EFBC}") = "Tool", "..\CommonCore\Tool\Tool.csproj", "{D2F0DF98-0F21-4E13-947E-C5E4B5543A92}"
EndProject
Project("{9A19103F-16F7-4668-BE54-9A1E7A4F7556}") = "TestClient", "TestClient\TestClient.csproj", "{AEEFFCFF-7A9C-4B3D-9D74-40527B761674}"
EndProject
Global
	GlobalSection(SolutionConfigurationPlatforms) = preSolution
		Debug|Any CPU = Debug|Any CPU
		Release|Any CPU = Release|Any CPU
	EndGlobalSection
	GlobalSection(ProjectConfigurationPlatforms) = postSolution
		{8C47DEA5-581A-4B4A-B717-AA64763AE347}.Debug|Any CPU.ActiveCfg = Debug|Any CPU
		{8C47DEA5-581A-4B4A-B717-AA64763AE347}.Debug|Any CPU.Build.0 = Debug|Any CPU
		{8C47DEA5-581A-4B4A-B717-AA64763AE347}.Release|Any CPU.ActiveCfg = Release|Any CPU
		{8C47DEA5-581A-4B4A-B717-AA64763AE347}.Release|Any CPU.Build.0 = Release|Any CPU
		{CD018D1B-C113-4A82-9112-691BF0281F6A}.Debug|Any CPU.ActiveCfg = Debug|Any CPU
		{CD018D1B-C113-4A82-9112-691BF0281F6A}.Debug|Any CPU.Build.0 = Debug|Any CPU
		{CD018D1B-C113-4A82-9112-691BF0281F6A}.Release|Any CPU.ActiveCfg = Release|Any CPU
		{CD018D1B-C113-4A82-9112-691BF0281F6A}.Release|Any CPU.Build.0 = Release|Any CPU
		{34719808-E8A6-4598-AC2E-75DEC921084A}.Debug|Any CPU.ActiveCfg = Debug|Any CPU
		{34719808-E8A6-4598-AC2E-75DEC921084A}.Debug|Any CPU.Build.0 = Debug|Any CPU
		{34719808-E8A6-4598-AC2E-75DEC921084A}.Release|Any CPU.ActiveCfg = Release|Any CPU
		{34719808-E8A6-4598-AC2E-75DEC921084A}.Release|Any CPU.Build.0 = Release|Any CPU
		{D2A98A29-C301-4CCB-B107-651315AAD734}.Debug|Any CPU.ActiveCfg = Debug|Any CPU
		{D2A98A29-C301-4CCB-B107-651315AAD734}.Debug|Any CPU.Build.0 = Debug|Any CPU
		{D2A98A29-C301-4CCB-B107-651315AAD734}.Release|Any CPU.ActiveCfg = Release|Any CPU
		{D2A98A29-C301-4CCB-B107-651315AAD734}.Release|Any CPU.Build.0 = Release|Any CPU
		{848EC3C4-7772-4188-8D73-FDE25D26FF38}.Debug|Any CPU.ActiveCfg = Debug|Any CPU
		{848EC3C4-7772-4188-8D73-FDE25D26FF38}.Debug|Any CPU.Build.0 = Debug|Any CPU
		{848EC3C4-7772-4188-8D73-FDE25D26FF38}.Release|Any CPU.ActiveCfg = Release|Any CPU
		{848EC3C4-7772-4188-8D73-FDE25D26FF38}.Release|Any CPU.Build.0 = Release|Any CPU
		{D2F0DF98-0F21-4E13-947E-C5E4B5543A92}.Debug|Any CPU.ActiveCfg = Debug|Any CPU
		{D2F0DF98-0F21-4E13-947E-C5E4B5543A92}.Debug|Any CPU.Build.0 = Debug|Any CPU
		{D2F0DF98-0F21-4E13-947E-C5E4B5543A92}.Release|Any CPU.ActiveCfg = Release|Any CPU
		{D2F0DF98-0F21-4E13-947E-C5E4B5543A92}.Release|Any CPU.Build.0 = Release|Any CPU
		{AEEFFCFF-7A9C-4B3D-9D74-40527B761674}.Debug|Any CPU.ActiveCfg = Debug|Any CPU
		{AEEFFCFF-7A9C-4B3D-9D74-40527B761674}.Debug|Any CPU.Build.0 = Debug|Any CPU
		{AEEFFCFF-7A9C-4B3D-9D74-40527B761674}.Release|Any CPU.ActiveCfg = Release|Any CPU
		{AEEFFCFF-7A9C-4B3D-9D74-40527B761674}.Release|Any CPU.Build.0 = Release|Any CPU
	EndGlobalSection
	GlobalSection(SolutionProperties) = preSolution
		HideSolutionNode = FALSE
	EndGlobalSection
	GlobalSection(NestedProjects) = preSolution
		{8C47DEA5-581A-4B4A-B717-AA64763AE347} = {03106B4D-3EE9-4919-A0ED-079849BC580A}
		{CD018D1B-C113-4A82-9112-691BF0281F6A} = {03106B4D-3EE9-4919-A0ED-079849BC580A}
		{34719808-E8A6-4598-AC2E-75DEC921084A} = {03106B4D-3EE9-4919-A0ED-079849BC580A}
		{D2A98A29-C301-4CCB-B107-651315AAD734} = {03106B4D-3EE9-4919-A0ED-079849BC580A}
		{848EC3C4-7772-4188-8D73-FDE25D26FF38} = {2C69C7D0-B383-4C22-AC8A-743CB8D6A119}
		{D2F0DF98-0F21-4E13-947E-C5E4B5543A92} = {2C69C7D0-B383-4C22-AC8A-743CB8D6A119}
		{AEEFFCFF-7A9C-4B3D-9D74-40527B761674} = {03106B4D-3EE9-4919-A0ED-079849BC580A}
	EndGlobalSection
	GlobalSection(ExtensibilityGlobals) = postSolution
		SolutionGuid = {59A7E888-87BD-476B-8429-1A563A54920D}
	EndGlobalSection
EndGlobal
