
Microsoft Visual Studio Solution File, Format Version 12.00
# Visual Studio 15
VisualStudioVersion = 15.0.27130.2020
MinimumVisualStudioVersion = 10.0.40219.1
Project("{FAE04EC0-301F-11D3-BF4B-00C04F79EFBC}") = "WebServerBLL", "WebServer\WebServerBLL\WebServerBLL.csproj", "{8E854791-6E31-4112-8098-8EA251E6F197}"
EndProject
Project("{FAE04EC0-301F-11D3-BF4B-00C04F79EFBC}") = "WebServerDAL", "WebServer\WebServerDAL\WebServerDAL.csproj", "{0E215A06-BE8D-482F-BBAB-E40A13DCC058}"
EndProject
Project("{FAE04EC0-301F-11D3-BF4B-00C04F79EFBC}") = "WebServerModel", "WebServer\WebServerModel\WebServerModel.csproj", "{46400664-7111-45C8-938A-094013AC6786}"
EndProject
Project("{2150E333-8FDC-42A3-9474-1A3956D46DE8}") = "WebServer", "WebServer", "{E5717A8E-9C9C-43E7-8FA8-E983FEAB53D6}"
EndProject
Project("{2150E333-8FDC-42A3-9474-1A3956D46DE8}") = "CommonCore", "CommonCore", "{FE7AAEC9-F7FD-4D90-B444-84F06B60D94D}"
EndProject
Project("{FAE04EC0-301F-11D3-BF4B-00C04F79EFBC}") = "Tool", "..\CommonCore\Tool\Tool.csproj", "{D2F0DF98-0F21-4E13-947E-C5E4B5543A92}"
EndProject
Project("{FAE04EC0-301F-11D3-BF4B-00C04F79EFBC}") = "WebServer", "WebServer\WebServer\WebServer.csproj", "{2218ECC0-A894-4A50-A5F5-4129CB951017}"
EndProject
Global
	GlobalSection(SolutionConfigurationPlatforms) = preSolution
		Debug|Any CPU = Debug|Any CPU
		Release|Any CPU = Release|Any CPU
	EndGlobalSection
	GlobalSection(ProjectConfigurationPlatforms) = postSolution
		{8E854791-6E31-4112-8098-8EA251E6F197}.Debug|Any CPU.ActiveCfg = Debug|Any CPU
		{8E854791-6E31-4112-8098-8EA251E6F197}.Debug|Any CPU.Build.0 = Debug|Any CPU
		{8E854791-6E31-4112-8098-8EA251E6F197}.Release|Any CPU.ActiveCfg = Release|Any CPU
		{8E854791-6E31-4112-8098-8EA251E6F197}.Release|Any CPU.Build.0 = Release|Any CPU
		{0E215A06-BE8D-482F-BBAB-E40A13DCC058}.Debug|Any CPU.ActiveCfg = Debug|Any CPU
		{0E215A06-BE8D-482F-BBAB-E40A13DCC058}.Debug|Any CPU.Build.0 = Debug|Any CPU
		{0E215A06-BE8D-482F-BBAB-E40A13DCC058}.Release|Any CPU.ActiveCfg = Release|Any CPU
		{0E215A06-BE8D-482F-BBAB-E40A13DCC058}.Release|Any CPU.Build.0 = Release|Any CPU
		{46400664-7111-45C8-938A-094013AC6786}.Debug|Any CPU.ActiveCfg = Debug|Any CPU
		{46400664-7111-45C8-938A-094013AC6786}.Debug|Any CPU.Build.0 = Debug|Any CPU
		{46400664-7111-45C8-938A-094013AC6786}.Release|Any CPU.ActiveCfg = Release|Any CPU
		{46400664-7111-45C8-938A-094013AC6786}.Release|Any CPU.Build.0 = Release|Any CPU
		{D2F0DF98-0F21-4E13-947E-C5E4B5543A92}.Debug|Any CPU.ActiveCfg = Debug|Any CPU
		{D2F0DF98-0F21-4E13-947E-C5E4B5543A92}.Debug|Any CPU.Build.0 = Debug|Any CPU
		{D2F0DF98-0F21-4E13-947E-C5E4B5543A92}.Release|Any CPU.ActiveCfg = Release|Any CPU
		{D2F0DF98-0F21-4E13-947E-C5E4B5543A92}.Release|Any CPU.Build.0 = Release|Any CPU
		{2218ECC0-A894-4A50-A5F5-4129CB951017}.Debug|Any CPU.ActiveCfg = Debug|Any CPU
		{2218ECC0-A894-4A50-A5F5-4129CB951017}.Debug|Any CPU.Build.0 = Debug|Any CPU
		{2218ECC0-A894-4A50-A5F5-4129CB951017}.Release|Any CPU.ActiveCfg = Release|Any CPU
		{2218ECC0-A894-4A50-A5F5-4129CB951017}.Release|Any CPU.Build.0 = Release|Any CPU
	EndGlobalSection
	GlobalSection(SolutionProperties) = preSolution
		HideSolutionNode = FALSE
	EndGlobalSection
	GlobalSection(NestedProjects) = preSolution
		{8E854791-6E31-4112-8098-8EA251E6F197} = {E5717A8E-9C9C-43E7-8FA8-E983FEAB53D6}
		{0E215A06-BE8D-482F-BBAB-E40A13DCC058} = {E5717A8E-9C9C-43E7-8FA8-E983FEAB53D6}
		{46400664-7111-45C8-938A-094013AC6786} = {E5717A8E-9C9C-43E7-8FA8-E983FEAB53D6}
		{D2F0DF98-0F21-4E13-947E-C5E4B5543A92} = {FE7AAEC9-F7FD-4D90-B444-84F06B60D94D}
		{2218ECC0-A894-4A50-A5F5-4129CB951017} = {E5717A8E-9C9C-43E7-8FA8-E983FEAB53D6}
	EndGlobalSection
	GlobalSection(ExtensibilityGlobals) = postSolution
		SolutionGuid = {F36ED254-5280-434B-BB01-65E8D66B07CE}
	EndGlobalSection
EndGlobal
