
Microsoft Visual Studio Solution File, Format Version 12.00
# Visual Studio 15
VisualStudioVersion = 15.0.26430.16
MinimumVisualStudioVersion = 10.0.40219.1
Project("{2150E333-8FDC-42A3-9474-1A3956D46DE8}") = "GameServer", "GameServer", "{7BAF25DD-99A9-4E6A-A68D-355D9C6D5DB4}"
EndProject
Project("{FAE04EC0-301F-11D3-BF4B-00C04F79EFBC}") = "GameServerBLL", "GameServer\GameServerBLL\GameServerBLL.csproj", "{8E854791-6E31-4112-8098-8EA251E6F197}"
EndProject
Project("{FAE04EC0-301F-11D3-BF4B-00C04F79EFBC}") = "GameServerDAL", "GameServer\GameServerDAL\GameServerDAL.csproj", "{0E215A06-BE8D-482F-BBAB-E40A13DCC058}"
EndProject
Project("{FAE04EC0-301F-11D3-BF4B-00C04F79EFBC}") = "GameServerModel", "GameServer\GameServerModel\GameServerModel.csproj", "{46400664-7111-45C8-938A-094013AC6786}"
EndProject
Project("{FAE04EC0-301F-11D3-BF4B-00C04F79EFBC}") = "GameServerWebSite", "GameServer\GameServerWebSite\GameServerWebSite.csproj", "{2218ECC0-A894-4A50-A5F5-4129CB951017}"
EndProject
Project("{2150E333-8FDC-42A3-9474-1A3956D46DE8}") = "CommonCore", "CommonCore", "{304E2282-3C5F-42F5-8F4F-F87D5CDACEB5}"
EndProject
Project("{FAE04EC0-301F-11D3-BF4B-00C04F79EFBC}") = "FileBase", "..\CommonCore\FileBase\FileBase.csproj", "{59EDCBF7-E3E9-4F09-A9E5-2CF88BFAC861}"
EndProject
Project("{FAE04EC0-301F-11D3-BF4B-00C04F79EFBC}") = "Tool", "..\CommonCore\Tool\Tool.csproj", "{D2F0DF98-0F21-4E13-947E-C5E4B5543A92}"
EndProject
Global
	GlobalSection(SolutionConfigurationPlatforms) = preSolution
		Debug|Any CPU = Debug|Any CPU
		Release|Any CPU = Release|Any CPU
	EndGlobalSection
	GlobalSection(ProjectConfigurationPlatforms) = postSolution
		{8E854791-6E31-4112-8098-8EA251E6F197}.Debug|Any CPU.ActiveCfg = Debug|Any CPU
		{8E854791-6E31-4112-8098-8EA251E6F197}.Debug|Any CPU.Build.0 = Debug|Any CPU
		{8E854791-6E31-4112-8098-8EA251E6F197}.Release|Any CPU.ActiveCfg = Release|Any CPU
		{8E854791-6E31-4112-8098-8EA251E6F197}.Release|Any CPU.Build.0 = Release|Any CPU
		{0E215A06-BE8D-482F-BBAB-E40A13DCC058}.Debug|Any CPU.ActiveCfg = Debug|Any CPU
		{0E215A06-BE8D-482F-BBAB-E40A13DCC058}.Debug|Any CPU.Build.0 = Debug|Any CPU
		{0E215A06-BE8D-482F-BBAB-E40A13DCC058}.Release|Any CPU.ActiveCfg = Release|Any CPU
		{0E215A06-BE8D-482F-BBAB-E40A13DCC058}.Release|Any CPU.Build.0 = Release|Any CPU
		{46400664-7111-45C8-938A-094013AC6786}.Debug|Any CPU.ActiveCfg = Debug|Any CPU
		{46400664-7111-45C8-938A-094013AC6786}.Debug|Any CPU.Build.0 = Debug|Any CPU
		{46400664-7111-45C8-938A-094013AC6786}.Release|Any CPU.ActiveCfg = Release|Any CPU
		{46400664-7111-45C8-938A-094013AC6786}.Release|Any CPU.Build.0 = Release|Any CPU
		{2218ECC0-A894-4A50-A5F5-4129CB951017}.Debug|Any CPU.ActiveCfg = Debug|Any CPU
		{2218ECC0-A894-4A50-A5F5-4129CB951017}.Debug|Any CPU.Build.0 = Debug|Any CPU
		{2218ECC0-A894-4A50-A5F5-4129CB951017}.Release|Any CPU.ActiveCfg = Release|Any CPU
		{2218ECC0-A894-4A50-A5F5-4129CB951017}.Release|Any CPU.Build.0 = Release|Any CPU
		{59EDCBF7-E3E9-4F09-A9E5-2CF88BFAC861}.Debug|Any CPU.ActiveCfg = Debug|Any CPU
		{59EDCBF7-E3E9-4F09-A9E5-2CF88BFAC861}.Debug|Any CPU.Build.0 = Debug|Any CPU
		{59EDCBF7-E3E9-4F09-A9E5-2CF88BFAC861}.Release|Any CPU.ActiveCfg = Release|Any CPU
		{59EDCBF7-E3E9-4F09-A9E5-2CF88BFAC861}.Release|Any CPU.Build.0 = Release|Any CPU
		{D2F0DF98-0F21-4E13-947E-C5E4B5543A92}.Debug|Any CPU.ActiveCfg = Debug|Any CPU
		{D2F0DF98-0F21-4E13-947E-C5E4B5543A92}.Debug|Any CPU.Build.0 = Debug|Any CPU
		{D2F0DF98-0F21-4E13-947E-C5E4B5543A92}.Release|Any CPU.ActiveCfg = Release|Any CPU
		{D2F0DF98-0F21-4E13-947E-C5E4B5543A92}.Release|Any CPU.Build.0 = Release|Any CPU
	EndGlobalSection
	GlobalSection(SolutionProperties) = preSolution
		HideSolutionNode = FALSE
	EndGlobalSection
	GlobalSection(NestedProjects) = preSolution
		{8E854791-6E31-4112-8098-8EA251E6F197} = {7BAF25DD-99A9-4E6A-A68D-355D9C6D5DB4}
		{0E215A06-BE8D-482F-BBAB-E40A13DCC058} = {7BAF25DD-99A9-4E6A-A68D-355D9C6D5DB4}
		{46400664-7111-45C8-938A-094013AC6786} = {7BAF25DD-99A9-4E6A-A68D-355D9C6D5DB4}
		{2218ECC0-A894-4A50-A5F5-4129CB951017} = {7BAF25DD-99A9-4E6A-A68D-355D9C6D5DB4}
		{59EDCBF7-E3E9-4F09-A9E5-2CF88BFAC861} = {304E2282-3C5F-42F5-8F4F-F87D5CDACEB5}
		{D2F0DF98-0F21-4E13-947E-C5E4B5543A92} = {304E2282-3C5F-42F5-8F4F-F87D5CDACEB5}
	EndGlobalSection
EndGlobal
